
Microsoft Visual Studio Solution File, Format Version 12.00
Project("{FAE04EC0-301F-11D3-BF4B-00C04F79EFBC}") = "LoanApplication.TacticalDdd", "LoanApplication.TacticalDdd\LoanApplication.TacticalDdd.csproj", "{1DF6D93E-C743-4F5C-BD16-19AA58E8377B}"
EndProject
Project("{FAE04EC0-301F-11D3-BF4B-00C04F79EFBC}") = "LoanApplication.TacticalDdd.Tests", "LoanApplication.TacticalDdd.Tests\LoanApplication.TacticalDdd.Tests.csproj", "{C3BD8217-C23B-4DB1-9E14-84F5C8F2DD27}"
EndProject
Project("{FAE04EC0-301F-11D3-BF4B-00C04F79EFBC}") = "DebtorRegistryMock", "DebtorRegistryMock\DebtorRegistryMock.csproj", "{7FC39857-218B-457B-A051-3D986E6BC44B}"
EndProject
Global
	GlobalSection(SolutionConfigurationPlatforms) = preSolution
		Debug|Any CPU = Debug|Any CPU
		Release|Any CPU = Release|Any CPU
	EndGlobalSection
	GlobalSection(ProjectConfigurationPlatforms) = postSolution
		{1DF6D93E-C743-4F5C-BD16-19AA58E8377B}.Debug|Any CPU.ActiveCfg = Debug|Any CPU
		{1DF6D93E-C743-4F5C-BD16-19AA58E8377B}.Debug|Any CPU.Build.0 = Debug|Any CPU
		{1DF6D93E-C743-4F5C-BD16-19AA58E8377B}.Release|Any CPU.ActiveCfg = Release|Any CPU
		{1DF6D93E-C743-4F5C-BD16-19AA58E8377B}.Release|Any CPU.Build.0 = Release|Any CPU
		{C3BD8217-C23B-4DB1-9E14-84F5C8F2DD27}.Debug|Any CPU.ActiveCfg = Debug|Any CPU
		{C3BD8217-C23B-4DB1-9E14-84F5C8F2DD27}.Debug|Any CPU.Build.0 = Debug|Any CPU
		{C3BD8217-C23B-4DB1-9E14-84F5C8F2DD27}.Release|Any CPU.ActiveCfg = Release|Any CPU
		{C3BD8217-C23B-4DB1-9E14-84F5C8F2DD27}.Release|Any CPU.Build.0 = Release|Any CPU
		{7FC39857-218B-457B-A051-3D986E6BC44B}.Debug|Any CPU.ActiveCfg = Debug|Any CPU
		{7FC39857-218B-457B-A051-3D986E6BC44B}.Debug|Any CPU.Build.0 = Debug|Any CPU
		{7FC39857-218B-457B-A051-3D986E6BC44B}.Release|Any CPU.ActiveCfg = Release|Any CPU
		{7FC39857-218B-457B-A051-3D986E6BC44B}.Release|Any CPU.Build.0 = Release|Any CPU
	EndGlobalSection
	GlobalSection(NestedProjects) = preSolution
	EndGlobalSection
EndGlobal
